// !$*UTF8*$!
{
	archiveVersion = 1;
	classes = {
	};
	objectVersion = 48;
	objects = {

/* Begin PBXBuildFile section */
		4E5E0994200D578B00EF17E2 /* AppDelegate.swift in Sources */ = {isa = PBXBuildFile; fileRef = 4E5E0993200D578B00EF17E2 /* AppDelegate.swift */; };
		4E5E0999200D578B00EF17E2 /* Main.storyboard in Resources */ = {isa = PBXBuildFile; fileRef = 4E5E0997200D578B00EF17E2 /* Main.storyboard */; };
		4E5E099B200D578B00EF17E2 /* Assets.xcassets in Resources */ = {isa = PBXBuildFile; fileRef = 4E5E099A200D578B00EF17E2 /* Assets.xcassets */; };
		4E5E099E200D578B00EF17E2 /* LaunchScreen.storyboard in Resources */ = {isa = PBXBuildFile; fileRef = 4E5E099C200D578B00EF17E2 /* LaunchScreen.storyboard */; };
		4E5E09AA200D57E900EF17E2 /* String+Encryption.swift in Sources */ = {isa = PBXBuildFile; fileRef = 4E5E09A7200D57E900EF17E2 /* String+Encryption.swift */; };
		4E5E09AB200D57E900EF17E2 /* ViewController.swift in Sources */ = {isa = PBXBuildFile; fileRef = 4E5E09A9200D57E900EF17E2 /* ViewController.swift */; };
/* End PBXBuildFile section */

/* Begin PBXFileReference section */
		4E5E0990200D578B00EF17E2 /* Encryption.app */ = {isa = PBXFileReference; explicitFileType = wrapper.application; includeInIndex = 0; path = Encryption.app; sourceTree = BUILT_PRODUCTS_DIR; };
		4E5E0993200D578B00EF17E2 /* AppDelegate.swift */ = {isa = PBXFileReference; lastKnownFileType = sourcecode.swift; path = AppDelegate.swift; sourceTree = "<group>"; };
		4E5E0998200D578B00EF17E2 /* Base */ = {isa = PBXFileReference; lastKnownFileType = file.storyboard; name = Base; path = Base.lproj/Main.storyboard; sourceTree = "<group>"; };
		4E5E099A200D578B00EF17E2 /* Assets.xcassets */ = {isa = PBXFileReference; lastKnownFileType = folder.assetcatalog; path = Assets.xcassets; sourceTree = "<group>"; };
		4E5E099D200D578B00EF17E2 /* Base */ = {isa = PBXFileReference; lastKnownFileType = file.storyboard; name = Base; path = Base.lproj/LaunchScreen.storyboard; sourceTree = "<group>"; };
		4E5E099F200D578B00EF17E2 /* Info.plist */ = {isa = PBXFileReference; lastKnownFileType = text.plist.xml; path = Info.plist; sourceTree = "<group>"; };
		4E5E09A7200D57E900EF17E2 /* String+Encryption.swift */ = {isa = PBXFileReference; fileEncoding = 4; lastKnownFileType = sourcecode.swift; path = "String+Encryption.swift"; sourceTree = "<group>"; };
		4E5E09A9200D57E900EF17E2 /* ViewController.swift */ = {isa = PBXFileReference; fileEncoding = 4; lastKnownFileType = sourcecode.swift; path = ViewController.swift; sourceTree = "<group>"; };
		4EF9D022200D59C300B38BB8 /* Encryption-Bridging-Header.h */ = {isa = PBXFileReference; lastKnownFileType = sourcecode.c.h; path = "Encryption-Bridging-Header.h"; sourceTree = "<group>"; };
/* End PBXFileReference section */

/* Begin PBXFrameworksBuildPhase section */
		4E5E098D200D578B00EF17E2 /* Frameworks */ = {
			isa = PBXFrameworksBuildPhase;
			buildActionMask = 2147483647;
			files = (
			);
			runOnlyForDeploymentPostprocessing = 0;
		};
/* End PBXFrameworksBuildPhase section */

/* Begin PBXGroup section */
		4E5E0987200D578B00EF17E2 = {
			isa = PBXGroup;
			children = (
				4E5E0992200D578B00EF17E2 /* Encryption */,
				4E5E0991200D578B00EF17E2 /* Products */,
			);
			sourceTree = "<group>";
		};
		4E5E0991200D578B00EF17E2 /* Products */ = {
			isa = PBXGroup;
			children = (
				4E5E0990200D578B00EF17E2 /* Encryption.app */,
			);
			name = Products;
			sourceTree = "<group>";
		};
		4E5E0992200D578B00EF17E2 /* Encryption */ = {
			isa = PBXGroup;
			children = (
				4E5E0993200D578B00EF17E2 /* AppDelegate.swift */,
				4E5E09A5200D57E900EF17E2 /* Classes */,
				4E5E0997200D578B00EF17E2 /* Main.storyboard */,
				4E5E099A200D578B00EF17E2 /* Assets.xcassets */,
				4E5E099C200D578B00EF17E2 /* LaunchScreen.storyboard */,
				4E5E099F200D578B00EF17E2 /* Info.plist */,
				4EF9D022200D59C300B38BB8 /* Encryption-Bridging-Header.h */,
			);
			path = Encryption;
			sourceTree = "<group>";
		};
		4E5E09A5200D57E900EF17E2 /* Classes */ = {
			isa = PBXGroup;
			children = (
				4E5E09A6200D57E900EF17E2 /* Extensions */,
				4E5E09A8200D57E900EF17E2 /* ViewControllers */,
			);
			path = Classes;
			sourceTree = "<group>";
		};
		4E5E09A6200D57E900EF17E2 /* Extensions */ = {
			isa = PBXGroup;
			children = (
				4E5E09A7200D57E900EF17E2 /* String+Encryption.swift */,
			);
			path = Extensions;
			sourceTree = "<group>";
		};
		4E5E09A8200D57E900EF17E2 /* ViewControllers */ = {
			isa = PBXGroup;
			children = (
				4E5E09A9200D57E900EF17E2 /* ViewController.swift */,
			);
			path = ViewControllers;
			sourceTree = "<group>";
		};
/* End PBXGroup section */

/* Begin PBXNativeTarget section */
		4E5E098F200D578B00EF17E2 /* Encryption */ = {
			isa = PBXNativeTarget;
			buildConfigurationList = 4E5E09A2200D578B00EF17E2 /* Build configuration list for PBXNativeTarget "Encryption" */;
			buildPhases = (
				4E5E098C200D578B00EF17E2 /* Sources */,
				4E5E098D200D578B00EF17E2 /* Frameworks */,
				4E5E098E200D578B00EF17E2 /* Resources */,
			);
			buildRules = (
			);
			dependencies = (
			);
			name = Encryption;
			productName = Encryption;
			productReference = 4E5E0990200D578B00EF17E2 /* Encryption.app */;
			productType = "com.apple.product-type.application";
		};
/* End PBXNativeTarget section */

/* Begin PBXProject section */
		4E5E0988200D578B00EF17E2 /* Project object */ = {
			isa = PBXProject;
			attributes = {
				LastSwiftUpdateCheck = 0920;
				LastUpgradeCheck = 0920;
				ORGANIZATIONNAME = "Gene Backlin";
				TargetAttributes = {
					4E5E098F200D578B00EF17E2 = {
						CreatedOnToolsVersion = 9.2;
						LastSwiftMigration = 0920;
						ProvisioningStyle = Automatic;
					};
				};
			};
			buildConfigurationList = 4E5E098B200D578B00EF17E2 /* Build configuration list for PBXProject "Encryption" */;
			compatibilityVersion = "Xcode 8.0";
			developmentRegion = en;
			hasScannedForEncodings = 0;
			knownRegions = (
				en,
				Base,
			);
			mainGroup = 4E5E0987200D578B00EF17E2;
			productRefGroup = 4E5E0991200D578B00EF17E2 /* Products */;
			projectDirPath = "";
			projectRoot = "";
			targets = (
				4E5E098F200D578B00EF17E2 /* Encryption */,
			);
		};
/* End PBXProject section */

/* Begin PBXResourcesBuildPhase section */
		4E5E098E200D578B00EF17E2 /* Resources */ = {
			isa = PBXResourcesBuildPhase;
			buildActionMask = 2147483647;
			files = (
				4E5E099E200D578B00EF17E2 /* LaunchScreen.storyboard in Resources */,
				4E5E099B200D578B00EF17E2 /* Assets.xcassets in Resources */,
				4E5E0999200D578B00EF17E2 /* Main.storyboard in Resources */,
			);
			runOnlyForDeploymentPostprocessing = 0;
		};
/* End PBXResourcesBuildPhase section */

/* Begin PBXSourcesBuildPhase section */
		4E5E098C200D578B00EF17E2 /* Sources */ = {
			isa = PBXSourcesBuildPhase;
			buildActionMask = 2147483647;
			files = (
				4E5E09AB200D57E900EF17E2 /* ViewController.swift in Sources */,
				4E5E0994200D578B00EF17E2 /* AppDelegate.swift in Sources */,
				4E5E09AA200D57E900EF17E2 /* String+Encryption.swift in Sources */,
			);
			runOnlyForDeploymentPostprocessing = 0;
		};
/* End PBXSourcesBuildPhase section */

/* Begin PBXVariantGroup section */
		4E5E0997200D578B00EF17E2 /* Main.storyboard */ = {
			isa = PBXVariantGroup;
			children = (
				4E5E0998200D578B00EF17E2 /* Base */,
			);
			name = Main.storyboard;
			sourceTree = "<group>";
		};
		4E5E099C200D578B00EF17E2 /* LaunchScreen.storyboard */ = {
			isa = PBXVariantGroup;
			children = (
				4E5E099D200D578B00EF17E2 /* Base */,
			);
			name = LaunchScreen.storyboard;
			sourceTree = "<group>";
		};
/* End PBXVariantGroup section */

/* Begin XCBuildConfiguration section */
		4E5E09A0200D578B00EF17E2 /* Debug */ = {
			isa = XCBuildConfiguration;
			buildSettings = {
				ALWAYS_SEARCH_USER_PATHS = NO;
				CLANG_ANALYZER_NONNULL = YES;
				CLANG_ANALYZER_NUMBER_OBJECT_CONVERSION = YES_AGGRESSIVE;
				CLANG_CXX_LANGUAGE_STANDARD = "gnu++14";
				CLANG_CXX_LIBRARY = "libc++";
				CLANG_ENABLE_MODULES = YES;
				CLANG_ENABLE_OBJC_ARC = YES;
				CLANG_WARN_BLOCK_CAPTURE_AUTORELEASING = YES;
				CLANG_WARN_BOOL_CONVERSION = YES;
				CLANG_WARN_COMMA = YES;
				CLANG_WARN_CONSTANT_CONVERSION = YES;
				CLANG_WARN_DIRECT_OBJC_ISA_USAGE = YES_ERROR;
				CLANG_WARN_DOCUMENTATION_COMMENTS = YES;
				CLANG_WARN_EMPTY_BODY = YES;
				CLANG_WARN_ENUM_CONVERSION = YES;
				CLANG_WARN_INFINITE_RECURSION = YES;
				CLANG_WARN_INT_CONVERSION = YES;
				CLANG_WARN_NON_LITERAL_NULL_CONVERSION = YES;
				CLANG_WARN_OBJC_LITERAL_CONVERSION = YES;
				CLANG_WARN_OBJC_ROOT_CLASS = YES_ERROR;
				CLANG_WARN_RANGE_LOOP_ANALYSIS = YES;
				CLANG_WARN_STRICT_PROTOTYPES = YES;
				CLANG_WARN_SUSPICIOUS_MOVE = YES;
				CLANG_WARN_UNGUARDED_AVAILABILITY = YES_AGGRESSIVE;
				CLANG_WARN_UNREACHABLE_CODE = YES;
				CLANG_WARN__DUPLICATE_METHOD_MATCH = YES;
				CODE_SIGN_IDENTITY = "iPhone Developer";
				COPY_PHASE_STRIP = NO;
				DEBUG_INFORMATION_FORMAT = dwarf;
				ENABLE_STRICT_OBJC_MSGSEND = YES;
				ENABLE_TESTABILITY = YES;
				GCC_C_LANGUAGE_STANDARD = gnu11;
				GCC_DYNAMIC_NO_PIC = NO;
				GCC_NO_COMMON_BLOCKS = YES;
				GCC_OPTIMIZATION_LEVEL = 0;
				GCC_PREPROCESSOR_DEFINITIONS = (
					"DEBUG=1",
					"$(inherited)",
				);
				GCC_WARN_64_TO_32_BIT_CONVERSION = YES;
				GCC_WARN_ABOUT_RETURN_TYPE = YES_ERROR;
				GCC_WARN_UNDECLARED_SELECTOR = YES;
				GCC_WARN_UNINITIALIZED_AUTOS = YES_AGGRESSIVE;
				GCC_WARN_UNUSED_FUNCTION = YES;
				GCC_WARN_UNUSED_VARIABLE = YES;
				IPHONEOS_DEPLOYMENT_TARGET = 11.2;
				MTL_ENABLE_DEBUG_INFO = YES;
				ONLY_ACTIVE_ARCH = YES;
				SDKROOT = iphoneos;
				SWIFT_ACTIVE_COMPILATION_CONDITIONS = DEBUG;
				SWIFT_OPTIMIZATION_LEVEL = "-Onone";
			};
			name = Debug;
		};
		4E5E09A1200D578B00EF17E2 /* Release */ = {
			isa = XCBuildConfiguration;
			buildSettings = {
				ALWAYS_SEARCH_USER_PATHS = NO;
				CLANG_ANALYZER_NONNULL = YES;
				CLANG_ANALYZER_NUMBER_OBJECT_CONVERSION = YES_AGGRESSIVE;
				CLANG_CXX_LANGUAGE_STANDARD = "gnu++14";
				CLANG_CXX_LIBRARY = "libc++";
				CLANG_ENABLE_MODULES = YES;
				CLANG_ENABLE_OBJC_ARC = YES;
				CLANG_WARN_BLOCK_CAPTURE_AUTORELEASING = YES;
				CLANG_WARN_BOOL_CONVERSION = YES;
				CLANG_WARN_COMMA = YES;
				CLANG_WARN_CONSTANT_CONVERSION = YES;
				CLANG_WARN_DIRECT_OBJC_ISA_USAGE = YES_ERROR;
				CLANG_WARN_DOCUMENTATION_COMMENTS = YES;
				CLANG_WARN_EMPTY_BODY = YES;
				CLANG_WARN_ENUM_CONVERSION = YES;
				CLANG_WARN_INFINITE_RECURSION = YES;
				CLANG_WARN_INT_CONVERSION = YES;
				CLANG_WARN_NON_LITERAL_NULL_CONVERSION = YES;
				CLANG_WARN_OBJC_LITERAL_CONVERSION = YES;
				CLANG_WARN_OBJC_ROOT_CLASS = YES_ERROR;
				CLANG_WARN_RANGE_LOOP_ANALYSIS = YES;
				CLANG_WARN_STRICT_PROTOTYPES = YES;
				CLANG_WARN_SUSPICIOUS_MOVE = YES;
				CLANG_WARN_UNGUARDED_AVAILABILITY = YES_AGGRESSIVE;
				CLANG_WARN_UNREACHABLE_CODE = YES;
				CLANG_WARN__DUPLICATE_METHOD_MATCH = YES;
				CODE_SIGN_IDENTITY = "iPhone Developer";
				COPY_PHASE_STRIP = NO;
				DEBUG_INFORMATION_FORMAT = "dwarf-with-dsym";
				ENABLE_NS_ASSERTIONS = NO;
				ENABLE_STRICT_OBJC_MSGSEND = YES;
				GCC_C_LANGUAGE_STANDARD = gnu11;
				GCC_NO_COMMON_BLOCKS = YES;
				GCC_WARN_64_TO_32_BIT_CONVERSION = YES;
				GCC_WARN_ABOUT_RETURN_TYPE = YES_ERROR;
				GCC_WARN_UNDECLARED_SELECTOR = YES;
				GCC_WARN_UNINITIALIZED_AUTOS = YES_AGGRESSIVE;
				GCC_WARN_UNUSED_FUNCTION = YES;
				GCC_WARN_UNUSED_VARIABLE = YES;
				IPHONEOS_DEPLOYMENT_TARGET = 11.2;
				MTL_ENABLE_DEBUG_INFO = NO;
				SDKROOT = iphoneos;
				SWIFT_OPTIMIZATION_LEVEL = "-Owholemodule";
				VALIDATE_PRODUCT = YES;
			};
			name = Release;
		};
		4E5E09A3200D578B00EF17E2 /* Debug */ = {
			isa = XCBuildConfiguration;
			buildSettings = {
				ASSETCATALOG_COMPILER_APPICON_NAME = AppIcon;
				CLANG_ENABLE_MODULES = YES;
				CODE_SIGN_STYLE = Automatic;
				DEVELOPMENT_TEAM = "";
				INFOPLIST_FILE = Encryption/Info.plist;
				LD_RUNPATH_SEARCH_PATHS = "$(inherited) @executable_path/Frameworks";
				PRODUCT_BUNDLE_IDENTIFIER = com.mycompany.Encryption;
				PRODUCT_NAME = "$(TARGET_NAME)";
				SWIFT_OBJC_BRIDGING_HEADER = "Encryption/Encryption-Bridging-Header.h";
				SWIFT_OPTIMIZATION_LEVEL = "-Onone";
				SWIFT_VERSION = 4.0;
				TARGETED_DEVICE_FAMILY = "1,2";
			};
			name = Debug;
		};
		4E5E09A4200D578B00EF17E2 /* Release */ = {
			isa = XCBuildConfiguration;
			buildSettings = {
				ASSETCATALOG_COMPILER_APPICON_NAME = AppIcon;
				CLANG_ENABLE_MODULES = YES;
				CODE_SIGN_STYLE = Automatic;
				DEVELOPMENT_TEAM = "";
				INFOPLIST_FILE = Encryption/Info.plist;
				LD_RUNPATH_SEARCH_PATHS = "$(inherited) @executable_path/Frameworks";
				PRODUCT_BUNDLE_IDENTIFIER = com.mycompany.Encryption;
				PRODUCT_NAME = "$(TARGET_NAME)";
				SWIFT_OBJC_BRIDGING_HEADER = "Encryption/Encryption-Bridging-Header.h";
				SWIFT_VERSION = 4.0;
				TARGETED_DEVICE_FAMILY = "1,2";
			};
			name = Release;
		};
/* End XCBuildConfiguration section */

/* Begin XCConfigurationList section */
		4E5E098B200D578B00EF17E2 /* Build configuration list for PBXProject "Encryption" */ = {
			isa = XCConfigurationList;
			buildConfigurations = (
				4E5E09A0200D578B00EF17E2 /* Debug */,
				4E5E09A1200D578B00EF17E2 /* Release */,
			);
			defaultConfigurationIsVisible = 0;
			defaultConfigurationName = Release;
		};
		4E5E09A2200D578B00EF17E2 /* Build configuration list for PBXNativeTarget "Encryption" */ = {
			isa = XCConfigurationList;
			buildConfigurations = (
				4E5E09A3200D578B00EF17E2 /* Debug */,
				4E5E09A4200D578B00EF17E2 /* Release */,
			);
			defaultConfigurationIsVisible = 0;
			defaultConfigurationName = Release;
		};
/* End XCConfigurationList section */
	};
	rootObject = 4E5E0988200D578B00EF17E2 /* Project object */;
}
